
Microsoft Visual Studio Solution File, Format Version 12.00
# Visual Studio Version 17
VisualStudioVersion = 17.8.34511.84
MinimumVisualStudioVersion = 10.0.40219.1
Project("{FAE04EC0-301F-11D3-BF4B-00C04F79EFBC}") = "EH.CircuitBreaker", "EH.CircuitBreaker\EH.CircuitBreaker.csproj", "{8C0E1047-E119-48EB-BD84-740CB6CE01E4}"
EndProject
Project("{FAE04EC0-301F-11D3-BF4B-00C04F79EFBC}") = "EH.CircuitBreaker.Tests", "EH.CircuitBreaker.Tests\EH.CircuitBreaker.Tests.csproj", "{B681EB7E-E530-47D8-9ECB-EA49E9DA1AFB}"
EndProject
Global
	GlobalSection(SolutionConfigurationPlatforms) = preSolution
		Debug|Any CPU = Debug|Any CPU
		Release|Any CPU = Release|Any CPU
	EndGlobalSection
	GlobalSection(ProjectConfigurationPlatforms) = postSolution
		{8C0E1047-E119-48EB-BD84-740CB6CE01E4}.Debug|Any CPU.ActiveCfg = Debug|Any CPU
		{8C0E1047-E119-48EB-BD84-740CB6CE01E4}.Debug|Any CPU.Build.0 = Debug|Any CPU
		{8C0E1047-E119-48EB-BD84-740CB6CE01E4}.Release|Any CPU.ActiveCfg = Release|Any CPU
		{8C0E1047-E119-48EB-BD84-740CB6CE01E4}.Release|Any CPU.Build.0 = Release|Any CPU
		{B681EB7E-E530-47D8-9ECB-EA49E9DA1AFB}.Debug|Any CPU.ActiveCfg = Debug|Any CPU
		{B681EB7E-E530-47D8-9ECB-EA49E9DA1AFB}.Debug|Any CPU.Build.0 = Debug|Any CPU
		{B681EB7E-E530-47D8-9ECB-EA49E9DA1AFB}.Release|Any CPU.ActiveCfg = Release|Any CPU
		{B681EB7E-E530-47D8-9ECB-EA49E9DA1AFB}.Release|Any CPU.Build.0 = Release|Any CPU
	EndGlobalSection
	GlobalSection(SolutionProperties) = preSolution
		HideSolutionNode = FALSE
	EndGlobalSection
	GlobalSection(ExtensibilityGlobals) = postSolution
		SolutionGuid = {0B1228E2-95E8-47C5-9BFB-199C60D12894}
	EndGlobalSection
EndGlobal
